
Microsoft Visual Studio Solution File, Format Version 12.00
# Visual Studio Version 17
VisualStudioVersion = 17.13.35825.156 d17.13
MinimumVisualStudioVersion = 10.0.40219.1
Project("{FAE04EC0-301F-11D3-BF4B-00C04F79EFBC}") = "InternetCafeSistem", "InternetCafeSistem.csproj", "{BEF199A9-58FB-4460-87C9-83C57543D73C}"
EndProject
Global
	GlobalSection(SolutionConfigurationPlatforms) = preSolution
		Debug|Any CPU = Debug|Any CPU
		Release|Any CPU = Release|Any CPU
	EndGlobalSection
	GlobalSection(ProjectConfigurationPlatforms) = postSolution
		{BEF199A9-58FB-4460-87C9-83C57543D73C}.Debug|Any CPU.ActiveCfg = Debug|Any CPU
		{BEF199A9-58FB-4460-87C9-83C57543D73C}.Debug|Any CPU.Build.0 = Debug|Any CPU
		{BEF199A9-58FB-4460-87C9-83C57543D73C}.Release|Any CPU.ActiveCfg = Release|Any CPU
		{BEF199A9-58FB-4460-87C9-83C57543D73C}.Release|Any CPU.Build.0 = Release|Any CPU
	EndGlobalSection
	GlobalSection(SolutionProperties) = preSolution
		HideSolutionNode = FALSE
	EndGlobalSection
	GlobalSection(ExtensibilityGlobals) = postSolution
		SolutionGuid = {85629E34-616F-4DAF-80AF-4ECDD0A4F5F0}
	EndGlobalSection
EndGlobal
